PODS:
  - boost (1.76.0)
  - DoubleConversion (1.1.6)
  - EXApplication (5.0.1):
    - ExpoModulesCore
  - EXAV (13.0.2):
    - ExpoModulesCore
    - ReactCommon/turbomodule/core
  - EXConstants (14.0.2):
    - ExpoModulesCore
  - EXFileSystem (15.1.1):
    - ExpoModulesCore
  - EXFont (11.0.1):
    - ExpoModulesCore
  - Expo (47.0.13):
    - ExpoModulesCore
  - ExpoKeepAwake (11.0.1):
    - ExpoModulesCore
  - ExpoModulesCore (1.1.1):
    - React-Core
    - ReactCommon/turbomodule/core
  - EXSplashScreen (0.17.5):
    - ExpoModulesCore
    - React-Core
  - FBLazyVector (0.70.5)
  - FBReactNativeSpec (0.70.5):
    - RCT-Folly (= 2021.07.22.00)
    - RCTRequired (= 0.70.5)
    - RCTTypeSafety (= 0.70.5)
    - React-Core (= 0.70.5)
    - React-jsi (= 0.70.5)
    - ReactCommon/turbomodule/core (= 0.70.5)
  - fmt (6.2.1)
  - glog (0.3.5)
  - NodeMediaClient (2.9.8)
  - PromisesObjC (2.1.1)
  - PromisesSwift (2.1.1):
    - PromisesObjC (= 2.1.1)
  - RCT-Folly (2021.07.22.00):
    - boost
    - DoubleConversion
    - fmt (~> 6.2.1)
    - glog
    - RCT-Folly/Default (= 2021.07.22.00)
  - RCT-Folly/Default (2021.07.22.00):
    - boost
    - DoubleConversion
    - fmt (~> 6.2.1)
    - glog
  - RCTRequired (0.70.5)
  - RCTTypeSafety (0.70.5):
    - FBLazyVector (= 0.70.5)
    - RCTRequired (= 0.70.5)
    - React-Core (= 0.70.5)
  - React (0.70.5):
    - React-Core (= 0.70.5)
    - React-Core/DevSupport (= 0.70.5)
    - React-Core/RCTWebSocket (= 0.70.5)
    - React-RCTActionSheet (= 0.70.5)
    - React-RCTAnimation (= 0.70.5)
    - React-RCTBlob (= 0.70.5)
    - React-RCTImage (= 0.70.5)
    - React-RCTLinking (= 0.70.5)
    - React-RCTNetwork (= 0.70.5)
    - React-RCTSettings (= 0.70.5)
    - React-RCTText (= 0.70.5)
    - React-RCTVibration (= 0.70.5)
  - React-bridging (0.70.5):
    - RCT-Folly (= 2021.07.22.00)
    - React-jsi (= 0.70.5)
  - React-callinvoker (0.70.5)
  - React-Codegen (0.70.5):
    - FBReactNativeSpec (= 0.70.5)
    - RCT-Folly (= 2021.07.22.00)
    - RCTRequired (= 0.70.5)
    - RCTTypeSafety (= 0.70.5)
    - React-Core (= 0.70.5)
    - React-jsi (= 0.70.5)
    - React-jsiexecutor (= 0.70.5)
    - ReactCommon/turbomodule/core (= 0.70.5)
  - React-Core (0.70.5):
    - glog
    - RCT-Folly (= 2021.07.22.00)
    - React-Core/Default (= 0.70.5)
    - React-cxxreact (= 0.70.5)
    - React-jsi (= 0.70.5)
    - React-jsiexecutor (= 0.70.5)
    - React-perflogger (= 0.70.5)
    - Yoga
  - React-Core/CoreModulesHeaders (0.70.5):
    - glog
    - RCT-Folly (= 2021.07.22.00)
    - React-Core/Default
    - React-cxxreact (= 0.70.5)
    - React-jsi (= 0.70.5)
    - React-jsiexecutor (= 0.70.5)
    - React-perflogger (= 0.70.5)
    - Yoga
  - React-Core/Default (0.70.5):
    - glog
    - RCT-Folly (= 2021.07.22.00)
    - React-cxxreact (= 0.70.5)
    - React-jsi (= 0.70.5)
    - React-jsiexecutor (= 0.70.5)
    - React-perflogger (= 0.70.5)
    - Yoga
  - React-Core/DevSupport (0.70.5):
    - glog
    - RCT-Folly (= 2021.07.22.00)
    - React-Core/Default (= 0.70.5)
    - React-Core/RCTWebSocket (= 0.70.5)
    - React-cxxreact (= 0.70.5)
    - React-jsi (= 0.70.5)
    - React-jsiexecutor (= 0.70.5)
    - React-jsinspector (= 0.70.5)
    - React-perflogger (= 0.70.5)
    - Yoga
  - React-Core/RCTActionSheetHeaders (0.70.5):
    - glog
    - RCT-Folly (= 2021.07.22.00)
    - React-Core/Default
    - React-cxxreact (= 0.70.5)
    - React-jsi (= 0.70.5)
    - React-jsiexecutor (= 0.70.5)
    - React-perflogger (= 0.70.5)
    - Yoga
  - React-Core/RCTAnimationHeaders (0.70.5):
    - glog
    - RCT-Folly (= 2021.07.22.00)
    - React-Core/Default
    - React-cxxreact (= 0.70.5)
    - React-jsi (= 0.70.5)
    - React-jsiexecutor (= 0.70.5)
    - React-perflogger (= 0.70.5)
    - Yoga
  - React-Core/RCTBlobHeaders (0.70.5):
    - glog
    - RCT-Folly (= 2021.07.22.00)
    - React-Core/Default
    - React-cxxreact (= 0.70.5)
    - React-jsi (= 0.70.5)
    - React-jsiexecutor (= 0.70.5)
    - React-perflogger (= 0.70.5)
    - Yoga
  - React-Core/RCTImageHeaders (0.70.5):
    - glog
    - RCT-Folly (= 2021.07.22.00)
    - React-Core/Default
    - React-cxxreact (= 0.70.5)
    - React-jsi (= 0.70.5)
    - React-jsiexecutor (= 0.70.5)
    - React-perflogger (= 0.70.5)
    - Yoga
  - React-Core/RCTLinkingHeaders (0.70.5):
    - glog
    - RCT-Folly (= 2021.07.22.00)
    - React-Core/Default
    - React-cxxreact (= 0.70.5)
    - React-jsi (= 0.70.5)
    - React-jsiexecutor (= 0.70.5)
    - React-perflogger (= 0.70.5)
    - Yoga
  - React-Core/RCTNetworkHeaders (0.70.5):
    - glog
    - RCT-Folly (= 2021.07.22.00)
    - React-Core/Default
    - React-cxxreact (= 0.70.5)
    - React-jsi (= 0.70.5)
    - React-jsiexecutor (= 0.70.5)
    - React-perflogger (= 0.70.5)
    - Yoga
  - React-Core/RCTSettingsHeaders (0.70.5):
    - glog
    - RCT-Folly (= 2021.07.22.00)
    - React-Core/Default
    - React-cxxreact (= 0.70.5)
    - React-jsi (= 0.70.5)
    - React-jsiexecutor (= 0.70.5)
    - React-perflogger (= 0.70.5)
    - Yoga
  - React-Core/RCTTextHeaders (0.70.5):
    - glog
    - RCT-Folly (= 2021.07.22.00)
    - React-Core/Default
    - React-cxxreact (= 0.70.5)
    - React-jsi (= 0.70.5)
    - React-jsiexecutor (= 0.70.5)
    - React-perflogger (= 0.70.5)
    - Yoga
  - React-Core/RCTVibrationHeaders (0.70.5):
    - glog
    - RCT-Folly (= 2021.07.22.00)
    - React-Core/Default
    - React-cxxreact (= 0.70.5)
    - React-jsi (= 0.70.5)
    - React-jsiexecutor (= 0.70.5)
    - React-perflogger (= 0.70.5)
    - Yoga
  - React-Core/RCTWebSocket (0.70.5):
    - glog
    - RCT-Folly (= 2021.07.22.00)
    - React-Core/Default (= 0.70.5)
    - React-cxxreact (= 0.70.5)
    - React-jsi (= 0.70.5)
    - React-jsiexecutor (= 0.70.5)
    - React-perflogger (= 0.70.5)
    - Yoga
  - React-CoreModules (0.70.5):
    - RCT-Folly (= 2021.07.22.00)
    - RCTTypeSafety (= 0.70.5)
    - React-Codegen (= 0.70.5)
    - React-Core/CoreModulesHeaders (= 0.70.5)
    - React-jsi (= 0.70.5)
    - React-RCTImage (= 0.70.5)
    - ReactCommon/turbomodule/core (= 0.70.5)
  - React-cxxreact (0.70.5):
    - boost (= 1.76.0)
    - DoubleConversion
    - glog
    - RCT-Folly (= 2021.07.22.00)
    - React-callinvoker (= 0.70.5)
    - React-jsi (= 0.70.5)
    - React-jsinspector (= 0.70.5)
    - React-logger (= 0.70.5)
    - React-perflogger (= 0.70.5)
    - React-runtimeexecutor (= 0.70.5)
  - React-jsi (0.70.5):
    - boost (= 1.76.0)
    - DoubleConversion
    - glog
    - RCT-Folly (= 2021.07.22.00)
    - React-jsi/Default (= 0.70.5)
  - React-jsi/Default (0.70.5):
    - boost (= 1.76.0)
    - DoubleConversion
    - glog
    - RCT-Folly (= 2021.07.22.00)
  - React-jsiexecutor (0.70.5):
    - DoubleConversion
    - glog
    - RCT-Folly (= 2021.07.22.00)
    - React-cxxreact (= 0.70.5)
    - React-jsi (= 0.70.5)
    - React-perflogger (= 0.70.5)
  - React-jsinspector (0.70.5)
  - React-logger (0.70.5):
    - glog
  - react-native-nodemediaclient (0.2.18):
    - NodeMediaClient (= 2.9.8)
    - React
    - react-native-nodemediaclient/RCTNodeMediaClient (= 0.2.18)
  - react-native-nodemediaclient/RCTNodeMediaClient (0.2.18):
    - NodeMediaClient (= 2.9.8)
    - React
  - react-native-safe-area-context (4.4.1):
    - RCT-Folly
    - RCTRequired
    - RCTTypeSafety
    - React-Core
    - ReactCommon/turbomodule/core
  - react-native-track-player (3.2.0):
    - React-Core
    - SwiftAudioEx (= 0.15.3)
  - react-native-video (6.0.0-alpha.4):
    - React-Core
    - react-native-video/Video (= 6.0.0-alpha.4)
  - react-native-video/Video (6.0.0-alpha.4):
    - PromisesSwift
    - React-Core
  - react-native-webview (11.26.0):
    - React-Core
  - React-perflogger (0.70.5)
  - React-RCTActionSheet (0.70.5):
    - React-Core/RCTActionSheetHeaders (= 0.70.5)
  - React-RCTAnimation (0.70.5):
    - RCT-Folly (= 2021.07.22.00)
    - RCTTypeSafety (= 0.70.5)
    - React-Codegen (= 0.70.5)
    - React-Core/RCTAnimationHeaders (= 0.70.5)
    - React-jsi (= 0.70.5)
    - ReactCommon/turbomodule/core (= 0.70.5)
  - React-RCTBlob (0.70.5):
    - RCT-Folly (= 2021.07.22.00)
    - React-Codegen (= 0.70.5)
    - React-Core/RCTBlobHeaders (= 0.70.5)
    - React-Core/RCTWebSocket (= 0.70.5)
    - React-jsi (= 0.70.5)
    - React-RCTNetwork (= 0.70.5)
    - ReactCommon/turbomodule/core (= 0.70.5)
  - React-RCTImage (0.70.5):
    - RCT-Folly (= 2021.07.22.00)
    - RCTTypeSafety (= 0.70.5)
    - React-Codegen (= 0.70.5)
    - React-Core/RCTImageHeaders (= 0.70.5)
    - React-jsi (= 0.70.5)
    - React-RCTNetwork (= 0.70.5)
    - ReactCommon/turbomodule/core (= 0.70.5)
  - React-RCTLinking (0.70.5):
    - React-Codegen (= 0.70.5)
    - React-Core/RCTLinkingHeaders (= 0.70.5)
    - React-jsi (= 0.70.5)
    - ReactCommon/turbomodule/core (= 0.70.5)
  - React-RCTNetwork (0.70.5):
    - RCT-Folly (= 2021.07.22.00)
    - RCTTypeSafety (= 0.70.5)
    - React-Codegen (= 0.70.5)
    - React-Core/RCTNetworkHeaders (= 0.70.5)
    - React-jsi (= 0.70.5)
    - ReactCommon/turbomodule/core (= 0.70.5)
  - React-RCTSettings (0.70.5):
    - RCT-Folly (= 2021.07.22.00)
    - RCTTypeSafety (= 0.70.5)
    - React-Codegen (= 0.70.5)
    - React-Core/RCTSettingsHeaders (= 0.70.5)
    - React-jsi (= 0.70.5)
    - ReactCommon/turbomodule/core (= 0.70.5)
  - React-RCTText (0.70.5):
    - React-Core/RCTTextHeaders (= 0.70.5)
  - React-RCTVibration (0.70.5):
    - RCT-Folly (= 2021.07.22.00)
    - React-Codegen (= 0.70.5)
    - React-Core/RCTVibrationHeaders (= 0.70.5)
    - React-jsi (= 0.70.5)
    - ReactCommon/turbomodule/core (= 0.70.5)
  - React-runtimeexecutor (0.70.5):
    - React-jsi (= 0.70.5)
  - ReactCommon/turbomodule/core (0.70.5):
    - DoubleConversion
    - glog
    - RCT-Folly (= 2021.07.22.00)
    - React-bridging (= 0.70.5)
    - React-callinvoker (= 0.70.5)
    - React-Core (= 0.70.5)
    - React-cxxreact (= 0.70.5)
    - React-jsi (= 0.70.5)
    - React-logger (= 0.70.5)
    - React-perflogger (= 0.70.5)
  - RNAudioRecorderPlayer (3.5.3):
    - React-Core
  - RNScreens (3.18.2):
    - React-Core
    - React-RCTImage
  - RNSound (0.11.2):
    - React-Core
    - RNSound/Core (= 0.11.2)
  - RNSound/Core (0.11.2):
    - React-Core
  - RNSVG (13.7.0):
    - React-Core
  - SwiftAudioEx (0.15.3)
  - Yoga (1.14.0)

DEPENDENCIES:
  - boost (from `../node_modules/react-native/third-party-podspecs/boost.podspec`)
  - DoubleConversion (from `../node_modules/react-native/third-party-podspecs/DoubleConversion.podspec`)
  - EXApplication (from `../node_modules/expo-application/ios`)
  - EXAV (from `../node_modules/expo-av/ios`)
  - EXConstants (from `../node_modules/expo-constants/ios`)
  - EXFileSystem (from `../node_modules/expo-file-system/ios`)
  - EXFont (from `../node_modules/expo-font/ios`)
  - Expo (from `../node_modules/expo`)
  - ExpoKeepAwake (from `../node_modules/expo-keep-awake/ios`)
  - ExpoModulesCore (from `../node_modules/expo-modules-core`)
  - EXSplashScreen (from `../node_modules/expo-splash-screen/ios`)
  - FBLazyVector (from `../node_modules/react-native/Libraries/FBLazyVector`)
  - FBReactNativeSpec (from `../node_modules/react-native/React/FBReactNativeSpec`)
  - glog (from `../node_modules/react-native/third-party-podspecs/glog.podspec`)
  - RCT-Folly (from `../node_modules/react-native/third-party-podspecs/RCT-Folly.podspec`)
  - RCTRequired (from `../node_modules/react-native/Libraries/RCTRequired`)
  - RCTTypeSafety (from `../node_modules/react-native/Libraries/TypeSafety`)
  - React (from `../node_modules/react-native/`)
  - React-bridging (from `../node_modules/react-native/ReactCommon`)
  - React-callinvoker (from `../node_modules/react-native/ReactCommon/callinvoker`)
  - React-Codegen (from `build/generated/ios`)
  - React-Core (from `../node_modules/react-native/`)
  - React-Core/RCTWebSocket (from `../node_modules/react-native/`)
  - React-CoreModules (from `../node_modules/react-native/React/CoreModules`)
  - React-cxxreact (from `../node_modules/react-native/ReactCommon/cxxreact`)
  - React-jsi (from `../node_modules/react-native/ReactCommon/jsi`)
  - React-jsiexecutor (from `../node_modules/react-native/ReactCommon/jsiexecutor`)
  - React-jsinspector (from `../node_modules/react-native/ReactCommon/jsinspector`)
  - React-logger (from `../node_modules/react-native/ReactCommon/logger`)
  - react-native-nodemediaclient (from `../node_modules/react-native-nodemediaclient`)
  - react-native-safe-area-context (from `../node_modules/react-native-safe-area-context`)
  - react-native-track-player (from `../node_modules/react-native-track-player`)
  - react-native-video (from `../node_modules/react-native-video`)
  - react-native-webview (from `../node_modules/react-native-webview`)
  - React-perflogger (from `../node_modules/react-native/ReactCommon/reactperflogger`)
  - React-RCTActionSheet (from `../node_modules/react-native/Libraries/ActionSheetIOS`)
  - React-RCTAnimation (from `../node_modules/react-native/Libraries/NativeAnimation`)
  - React-RCTBlob (from `../node_modules/react-native/Libraries/Blob`)
  - React-RCTImage (from `../node_modules/react-native/Libraries/Image`)
  - React-RCTLinking (from `../node_modules/react-native/Libraries/LinkingIOS`)
  - React-RCTNetwork (from `../node_modules/react-native/Libraries/Network`)
  - React-RCTSettings (from `../node_modules/react-native/Libraries/Settings`)
  - React-RCTText (from `../node_modules/react-native/Libraries/Text`)
  - React-RCTVibration (from `../node_modules/react-native/Libraries/Vibration`)
  - React-runtimeexecutor (from `../node_modules/react-native/ReactCommon/runtimeexecutor`)
  - ReactCommon/turbomodule/core (from `../node_modules/react-native/ReactCommon`)
  - RNAudioRecorderPlayer (from `../node_modules/react-native-audio-recorder-player`)
  - RNScreens (from `../node_modules/react-native-screens`)
  - RNSound (from `../node_modules/react-native-sound`)
  - RNSVG (from `../node_modules/react-native-svg`)
  - Yoga (from `../node_modules/react-native/ReactCommon/yoga`)

SPEC REPOS:
  trunk:
    - fmt
    - NodeMediaClient
    - PromisesObjC
    - PromisesSwift
    - SwiftAudioEx

EXTERNAL SOURCES:
  boost:
    :podspec: "../node_modules/react-native/third-party-podspecs/boost.podspec"
  DoubleConversion:
    :podspec: "../node_modules/react-native/third-party-podspecs/DoubleConversion.podspec"
  EXApplication:
    :path: "../node_modules/expo-application/ios"
  EXAV:
    :path: "../node_modules/expo-av/ios"
  EXConstants:
    :path: "../node_modules/expo-constants/ios"
  EXFileSystem:
    :path: "../node_modules/expo-file-system/ios"
  EXFont:
    :path: "../node_modules/expo-font/ios"
  Expo:
    :path: "../node_modules/expo"
  ExpoKeepAwake:
    :path: "../node_modules/expo-keep-awake/ios"
  ExpoModulesCore:
    :path: "../node_modules/expo-modules-core"
  EXSplashScreen:
    :path: "../node_modules/expo-splash-screen/ios"
  FBLazyVector:
    :path: "../node_modules/react-native/Libraries/FBLazyVector"
  FBReactNativeSpec:
    :path: "../node_modules/react-native/React/FBReactNativeSpec"
  glog:
    :podspec: "../node_modules/react-native/third-party-podspecs/glog.podspec"
  RCT-Folly:
    :podspec: "../node_modules/react-native/third-party-podspecs/RCT-Folly.podspec"
  RCTRequired:
    :path: "../node_modules/react-native/Libraries/RCTRequired"
  RCTTypeSafety:
    :path: "../node_modules/react-native/Libraries/TypeSafety"
  React:
    :path: "../node_modules/react-native/"
  React-bridging:
    :path: "../node_modules/react-native/ReactCommon"
  React-callinvoker:
    :path: "../node_modules/react-native/ReactCommon/callinvoker"
  React-Codegen:
    :path: build/generated/ios
  React-Core:
    :path: "../node_modules/react-native/"
  React-CoreModules:
    :path: "../node_modules/react-native/React/CoreModules"
  React-cxxreact:
    :path: "../node_modules/react-native/ReactCommon/cxxreact"
  React-jsi:
    :path: "../node_modules/react-native/ReactCommon/jsi"
  React-jsiexecutor:
    :path: "../node_modules/react-native/ReactCommon/jsiexecutor"
  React-jsinspector:
    :path: "../node_modules/react-native/ReactCommon/jsinspector"
  React-logger:
    :path: "../node_modules/react-native/ReactCommon/logger"
  react-native-nodemediaclient:
    :path: "../node_modules/react-native-nodemediaclient"
  react-native-safe-area-context:
    :path: "../node_modules/react-native-safe-area-context"
  react-native-track-player:
    :path: "../node_modules/react-native-track-player"
  react-native-video:
    :path: "../node_modules/react-native-video"
  react-native-webview:
    :path: "../node_modules/react-native-webview"
  React-perflogger:
    :path: "../node_modules/react-native/ReactCommon/reactperflogger"
  React-RCTActionSheet:
    :path: "../node_modules/react-native/Libraries/ActionSheetIOS"
  React-RCTAnimation:
    :path: "../node_modules/react-native/Libraries/NativeAnimation"
  React-RCTBlob:
    :path: "../node_modules/react-native/Libraries/Blob"
  React-RCTImage:
    :path: "../node_modules/react-native/Libraries/Image"
  React-RCTLinking:
    :path: "../node_modules/react-native/Libraries/LinkingIOS"
  React-RCTNetwork:
    :path: "../node_modules/react-native/Libraries/Network"
  React-RCTSettings:
    :path: "../node_modules/react-native/Libraries/Settings"
  React-RCTText:
    :path: "../node_modules/react-native/Libraries/Text"
  React-RCTVibration:
    :path: "../node_modules/react-native/Libraries/Vibration"
  React-runtimeexecutor:
    :path: "../node_modules/react-native/ReactCommon/runtimeexecutor"
  ReactCommon:
    :path: "../node_modules/react-native/ReactCommon"
  RNAudioRecorderPlayer:
    :path: "../node_modules/react-native-audio-recorder-player"
  RNScreens:
    :path: "../node_modules/react-native-screens"
  RNSound:
    :path: "../node_modules/react-native-sound"
  RNSVG:
    :path: "../node_modules/react-native-svg"
  Yoga:
    :path: "../node_modules/react-native/ReactCommon/yoga"

SPEC CHECKSUMS:
  boost: a7c83b31436843459a1961bfd74b96033dc77234
  DoubleConversion: 5189b271737e1565bdce30deb4a08d647e3f5f54
  EXApplication: 034b1c40a8e9fe1bff76a1e511ee90dff64ad834
  EXAV: 9a45d37772c5329294c054a041dcc39931fc5032
  EXConstants: 3c86653c422dd77e40d10cbbabb3025003977415
  EXFileSystem: 60602b6eefa6873f97172c684b7537c9760b50d6
  EXFont: 319606bfe48c33b5b5063fb0994afdc496befe80
  Expo: b9fa98bf260992312ee3c424400819fb9beadafe
  ExpoKeepAwake: 69b59d0a8d2b24de9f82759c39b3821fec030318
  ExpoModulesCore: 485dff3a59b036a33b6050c0a5aea3cf1037fdd1
  EXSplashScreen: 3e989924f61a8dd07ee4ea584c6ba14be9b51949
  FBLazyVector: affa4ba1bfdaac110a789192f4d452b053a86624
  FBReactNativeSpec: fe8b5f1429cfe83a8d72dc8ed61dc7704cac8745
  fmt: ff9d55029c625d3757ed641535fd4a75fedc7ce9
  glog: 04b94705f318337d7ead9e6d17c019bd9b1f6b1b
  NodeMediaClient: 50b1460f63208cab23fc7cae31f8b516c0ef56ab
  PromisesObjC: ab77feca74fa2823e7af4249b8326368e61014cb
  PromisesSwift: 99fddfe4a0ec88a56486644c0da106694c92a604
  RCT-Folly: 0080d0a6ebf2577475bda044aa59e2ca1f909cda
  RCTRequired: 21229f84411088e5d8538f21212de49e46cc83e2
  RCTTypeSafety: 62eed57a32924b09edaaf170a548d1fc96223086
  React: f0254ccddeeef1defe66c6b1bb9133a4f040792b
  React-bridging: e46911666b7ec19538a620a221d6396cd293d687
  React-callinvoker: 66b62e2c34546546b2f21ab0b7670346410a2b53
  React-Codegen: b6999435966df3bdf82afa3f319ba0d6f9a8532a
  React-Core: dabbc9d1fe0a11d884e6ee1599789cf8eb1058a5
  React-CoreModules: 5b6b7668f156f73a56420df9ec68ca2ec8f2e818
  React-cxxreact: c7ca2baee46db22a30fce9e639277add3c3f6ad1
  React-jsi: a565dcb49130ed20877a9bb1105ffeecbb93d02d
  React-jsiexecutor: 31564fa6912459921568e8b0e49024285a4d584b
  React-jsinspector: badd81696361249893a80477983e697aab3c1a34
  React-logger: fdda34dd285bdb0232e059b19d9606fa0ec3bb9c
  react-native-nodemediaclient: 59d49a2115afd788a5bd97a523f5e468e609d2e0
  react-native-safe-area-context: 99b24a0c5acd0d5dcac2b1a7f18c49ea317be99a
  react-native-track-player: 0c26d981b5097910486cbbeb6d8f5352d41be069
  react-native-video: b2a6434fa0cc7a5381985ca2af8f8c570f110743
  react-native-webview: 994b9f8fbb504d6314dc40d83f94f27c6831b3bf
  React-perflogger: e68d3795cf5d247a0379735cbac7309adf2fb931
  React-RCTActionSheet: 05452c3b281edb27850253db13ecd4c5a65bc247
  React-RCTAnimation: 578eebac706428e68466118e84aeacf3a282b4da
  React-RCTBlob: f47a0aa61e7d1fb1a0e13da832b0da934939d71a
  React-RCTImage: 60f54b66eed65d86b6dffaf4733d09161d44929d
  React-RCTLinking: 91073205aeec4b29450ca79b709277319368ac9e
  React-RCTNetwork: ca91f2c9465a7e335c8a5fae731fd7f10572213b
  React-RCTSettings: 1a9a5d01337d55c18168c1abe0f4a589167d134a
  React-RCTText: c591e8bd9347a294d8416357ca12d779afec01d5
  React-RCTVibration: 8e5c8c5d17af641f306d7380d8d0fe9b3c142c48
  React-runtimeexecutor: 7401c4a40f8728fd89df4a56104541b760876117
  ReactCommon: c9246996e73bf75a2c6c3ff15f1e16707cdc2da9
  RNAudioRecorderPlayer: 6638283925b46808310c9fdf803ebabc3abdbadc
  RNScreens: 34cc502acf1b916c582c60003dc3089fa01dc66d
  RNSound: 6c156f925295bdc83e8e422e7d8b38d33bc71852
  RNSVG: d787d64ca06b9158e763ad2638a8c4edce00782a
  SwiftAudioEx: 83eabba2940924fc1c0d5cb0896049921365229c
  Yoga: eca980a5771bf114c41a754098cd85e6e0d90ed7

PODFILE CHECKSUM: 6f1b7f38744d874a5412401bc51a31f8732b9b98

COCOAPODS: 1.11.3
